
Microsoft Visual Studio Solution File, Format Version 12.00
# Visual Studio Version 16
VisualStudioVersion = 16.0.31702.278
MinimumVisualStudioVersion = 10.0.40219.1
Project("{FAE04EC0-301F-11D3-BF4B-00C04F79EFBC}") = "PerfectNum", "PerfectNum.csproj", "{780132F2-7B46-4329-AF02-27E09593BC75}"
EndProject
Global
	GlobalSection(SolutionConfigurationPlatforms) = preSolution
		Debug|Any CPU = Debug|Any CPU
		Release|Any CPU = Release|Any CPU
	EndGlobalSection
	GlobalSection(ProjectConfigurationPlatforms) = postSolution
		{780132F2-7B46-4329-AF02-27E09593BC75}.Debug|Any CPU.ActiveCfg = Debug|Any CPU
		{780132F2-7B46-4329-AF02-27E09593BC75}.Debug|Any CPU.Build.0 = Debug|Any CPU
		{780132F2-7B46-4329-AF02-27E09593BC75}.Release|Any CPU.ActiveCfg = Release|Any CPU
		{780132F2-7B46-4329-AF02-27E09593BC75}.Release|Any CPU.Build.0 = Release|Any CPU
	EndGlobalSection
	GlobalSection(SolutionProperties) = preSolution
		HideSolutionNode = FALSE
	EndGlobalSection
	GlobalSection(ExtensibilityGlobals) = postSolution
		SolutionGuid = {81CDDAD0-9EB1-44EE-B00E-13961EC705AC}
	EndGlobalSection
EndGlobal
