
Microsoft Visual Studio Solution File, Format Version 12.00
# Visual Studio Version 16
VisualStudioVersion = 16.0.31702.278
MinimumVisualStudioVersion = 10.0.40219.1
Project("{FAE04EC0-301F-11D3-BF4B-00C04F79EFBC}") = "PrimeNum", "PrimeNum.csproj", "{1EB628B4-B103-4D36-B6BF-7997D7503A56}"
EndProject
Global
	GlobalSection(SolutionConfigurationPlatforms) = preSolution
		Debug|Any CPU = Debug|Any CPU
		Release|Any CPU = Release|Any CPU
	EndGlobalSection
	GlobalSection(ProjectConfigurationPlatforms) = postSolution
		{1EB628B4-B103-4D36-B6BF-7997D7503A56}.Debug|Any CPU.ActiveCfg = Debug|Any CPU
		{1EB628B4-B103-4D36-B6BF-7997D7503A56}.Debug|Any CPU.Build.0 = Debug|Any CPU
		{1EB628B4-B103-4D36-B6BF-7997D7503A56}.Release|Any CPU.ActiveCfg = Release|Any CPU
		{1EB628B4-B103-4D36-B6BF-7997D7503A56}.Release|Any CPU.Build.0 = Release|Any CPU
	EndGlobalSection
	GlobalSection(SolutionProperties) = preSolution
		HideSolutionNode = FALSE
	EndGlobalSection
	GlobalSection(ExtensibilityGlobals) = postSolution
		SolutionGuid = {FE24E38B-ACF4-4B6B-8459-58AEC82822A2}
	EndGlobalSection
EndGlobal
